wares:
  dotkeeper:
    repo: indium114/dotkeeper
    version: 2026.04.28-a
    asset: dotkeeper_Linux_x86_64
    digest: sha256:62de7bce4abd54280813b0fec4568f159071bdbbf133e2b789df4ba18b2d867a
  fastfetch:
    repo: fastfetch-cli/fastfetch
    version: 2.62.1
    asset: fastfetch-linux-amd64.tar.gz
    digest: sha256:52619f3d39f03266ec74f9ae9c86893290ec2aa3ea055137f63750a1ce7ea00d
  gh:
    repo: cli/cli
    version: v2.92.0
    asset: gh_2.92.0_linux_amd64.tar.gz
    digest: sha256:b57848131bdf0c229cd35e1f2a51aa718199858b2e728410b37e89a428943ec4
  hx:
    repo: helix-editor/helix
    version: 25.07.1
    asset: helix-25.07.1-x86_64.AppImage
    digest: sha256:0d00848ca858e415a4b4a90612702a35aa491421c658c45a06774a265bc4c4f6
  lazygit:
    repo: jesseduffield/lazygit
    version: v0.61.1
    asset: lazygit_0.61.1_linux_x86_64.tar.gz
    digest: sha256:1b91e660700f2332696726b635202576b543e2bc49b639830dccd26bc5160d5d
  spyglass:
    repo: indium114/spyglass
    version: 2026.05.02-a
    asset: spyglass_Linux_x86_64
    digest: sha256:c213b473cca3debff436de9c14a548331c874e3195938f5d181a06bd12eb4850
  tldr:
    repo: tldr-pages/tlrc
    version: v1.13.0
    asset: tlrc-v1.13.0-x86_64-unknown-linux-musl.tar.gz
    digest: sha256:29afac4831274fb0b4f26951f9c8fb006ceb3b6c84f301c7bc48395badd27c3e
  wares:
    repo: indium114/wares
    version: 0.6.1
    asset: wares_Linux_x86_64
    digest: sha256:58e9d935528bf5b93b36e8cdca737830d8902425abb23b298348731310856c33
blueprints: {}
managers:
  apk:
  - fuse
  - fuse3
  - nushell
  - gcompat
  - shadow
  - alpine-sdk
  - seatd
  - libuser
  - seatd-launch
  - alpine-conf
  - elogind
  - polkit-elogind
  - xorg-server
  - xf86-video-intel
  - mesa-vulkan-intel
  - font-space-mono-nerd
  - river-classic
  - foot
  - nix
  - ghostty
  - dino
  - udisks2
  - nemo
  - bash
  - keepassxc
  - librewolf
  - tuba
  - file-roller
  - nwg-look
  - tmux
  - sassc
  - font-lato
  - seahorse
  - dbus-x11
  openrc:
  - fuse
  - seatd
  - elogind
  - dbus
  - nix-daemon
  - udisks2
